// !$*UTF8*$!
{
	archiveVersion = 1;
	classes = {
	};
	objectVersion = 46;
	objects = {

/* Begin PBXBuildFile section */
		B424B3791D3DBAB800783171 /* YGPracticeRootController.swift in Sources */ = {isa = PBXBuildFile; fileRef = B424B3781D3DBAB800783171 /* YGPracticeRootController.swift */; };
		B424B37B1D3DBAD900783171 /* YGForumRootController.swift in Sources */ = {isa = PBXBuildFile; fileRef = B424B37A1D3DBAD900783171 /* YGForumRootController.swift */; };
		B424B37D1D3DBAF000783171 /* YGNewsRootController.swift in Sources */ = {isa = PBXBuildFile; fileRef = B424B37C1D3DBAF000783171 /* YGNewsRootController.swift */; };
		B424B37F1D3DBB0500783171 /* YGUserCenterRootController.swift in Sources */ = {isa = PBXBuildFile; fileRef = B424B37E1D3DBB0500783171 /* YGUserCenterRootController.swift */; };
		B424B3841D3DBFD500783171 /* UIColorExtension.swift in Sources */ = {isa = PBXBuildFile; fileRef = B424B3831D3DBFD500783171 /* UIColorExtension.swift */; };
		B43D9BE81D3C878800DE6BAF /* AVKit.framework in Frameworks */ = {isa = PBXBuildFile; fileRef = B43D9BE71D3C878800DE6BAF /* AVKit.framework */; };
		B43D9BF01D3C879100DE6BAF /* AVFoundation.framework in Frameworks */ = {isa = PBXBuildFile; fileRef = B43D9BEF1D3C879100DE6BAF /* AVFoundation.framework */; };
		B45E59B61D3697FE00D3B249 /* AppDelegate.swift in Sources */ = {isa = PBXBuildFile; fileRef = B45E59B51D3697FE00D3B249 /* AppDelegate.swift */; };
		B45E59BD1D3697FE00D3B249 /* Assets.xcassets in Resources */ = {isa = PBXBuildFile; fileRef = B45E59BC1D3697FE00D3B249 /* Assets.xcassets */; };
		B45E59C01D3697FE00D3B249 /* LaunchScreen.storyboard in Resources */ = {isa = PBXBuildFile; fileRef = B45E59BE1D3697FE00D3B249 /* LaunchScreen.storyboard */; };
		B45E59CA1D36985800D3B249 /* StoreKit.framework in Frameworks */ = {isa = PBXBuildFile; fileRef = B45E59C91D36985800D3B249 /* StoreKit.framework */; };
		B45E59CC1D36987C00D3B249 /* HealthKit.framework in Frameworks */ = {isa = PBXBuildFile; fileRef = B45E59CB1D36987C00D3B249 /* HealthKit.framework */; };
		B45E59EE1D369E0600D3B249 /* YGConstant.swift in Sources */ = {isa = PBXBuildFile; fileRef = B45E59CF1D369E0600D3B249 /* YGConstant.swift */; };
		B45E59EF1D369E0600D3B249 /* YGDateFormat.swift in Sources */ = {isa = PBXBuildFile; fileRef = B45E59D01D369E0600D3B249 /* YGDateFormat.swift */; };
		B45E59F01D369E0600D3B249 /* YGEnum.swift in Sources */ = {isa = PBXBuildFile; fileRef = B45E59D21D369E0600D3B249 /* YGEnum.swift */; };
		B45E59F11D369E0600D3B249 /* YGSingleton.swift in Sources */ = {isa = PBXBuildFile; fileRef = B45E59D31D369E0600D3B249 /* YGSingleton.swift */; };
		B45E59F21D369E0600D3B249 /* YGUtil.swift in Sources */ = {isa = PBXBuildFile; fileRef = B45E59D41D369E0600D3B249 /* YGUtil.swift */; };
		B45E59F31D369E0600D3B249 /* YGGuideController.swift in Sources */ = {isa = PBXBuildFile; fileRef = B45E59D71D369E0600D3B249 /* YGGuideController.swift */; };
		B45E59F41D369E0600D3B249 /* YGBaseController.swift in Sources */ = {isa = PBXBuildFile; fileRef = B45E59D91D369E0600D3B249 /* YGBaseController.swift */; };
		B45E59F51D369E0600D3B249 /* YGNavigationController.swift in Sources */ = {isa = PBXBuildFile; fileRef = B45E59DA1D369E0600D3B249 /* YGNavigationController.swift */; };
		B45E59F61D369E0600D3B249 /* YGRootController.swift in Sources */ = {isa = PBXBuildFile; fileRef = B45E59DB1D369E0600D3B249 /* YGRootController.swift */; };
		B45E59F71D369E0600D3B249 /* YGTabBarController.swift in Sources */ = {isa = PBXBuildFile; fileRef = B45E59DC1D369E0600D3B249 /* YGTabBarController.swift */; };
		B45E59FB1D369E0600D3B249 /* YGHttpError.swift in Sources */ = {isa = PBXBuildFile; fileRef = B45E59E61D369E0600D3B249 /* YGHttpError.swift */; };
		B45E59FC1D369E0600D3B249 /* YGHttpManager.swift in Sources */ = {isa = PBXBuildFile; fileRef = B45E59E71D369E0600D3B249 /* YGHttpManager.swift */; };
		B45E59FD1D369E0600D3B249 /* YGInterface.swift in Sources */ = {isa = PBXBuildFile; fileRef = B45E59E81D369E0600D3B249 /* YGInterface.swift */; };
		B45E59FE1D369E0600D3B249 /* YGCourse.swift in Sources */ = {isa = PBXBuildFile; fileRef = B45E59EA1D369E0600D3B249 /* YGCourse.swift */; };
		B45E59FF1D369E0600D3B249 /* YGPlan.swift in Sources */ = {isa = PBXBuildFile; fileRef = B45E59EB1D369E0600D3B249 /* YGPlan.swift */; };
		B45E5A001D369E0600D3B249 /* YGUser.swift in Sources */ = {isa = PBXBuildFile; fileRef = B45E59EC1D369E0600D3B249 /* YGUser.swift */; };
		B49F959D1D38D17400BFB292 /* SwiftyJSON.swift in Sources */ = {isa = PBXBuildFile; fileRef = B49F959C1D38D17400BFB292 /* SwiftyJSON.swift */; };
		B49F959E1D38D3B100BFB292 /* Alamofire.framework in Frameworks */ = {isa = PBXBuildFile; fileRef = B49F955A1D38CD6A00BFB292 /* Alamofire.framework */; settings = {ATTRIBUTES = (Weak, ); }; };
		B49F95A21D38D94300BFB292 /* YGCacheHandler.swift in Sources */ = {isa = PBXBuildFile; fileRef = B49F95A11D38D94300BFB292 /* YGCacheHandler.swift */; };
/* End PBXBuildFile section */

/* Begin PBXContainerItemProxy section */
		B49F95591D38CD6A00BFB292 /* PBXContainerItemProxy */ = {
			isa = PBXContainerItemProxy;
			containerPortal = B49F954F1D38CD6A00BFB292 /* Alamofire.xcodeproj */;
			proxyType = 2;
			remoteGlobalIDString = F8111E3319A95C8B0040E7D1;
			remoteInfo = "Alamofire iOS";
		};
		B49F955B1D38CD6A00BFB292 /* PBXContainerItemProxy */ = {
			isa = PBXContainerItemProxy;
			containerPortal = B49F954F1D38CD6A00BFB292 /* Alamofire.xcodeproj */;
			proxyType = 2;
			remoteGlobalIDString = F8111E3E19A95C8B0040E7D1;
			remoteInfo = "Alamofire iOS Tests";
		};
		B49F955D1D38CD6A00BFB292 /* PBXContainerItemProxy */ = {
			isa = PBXContainerItemProxy;
			containerPortal = B49F954F1D38CD6A00BFB292 /* Alamofire.xcodeproj */;
			proxyType = 2;
			remoteGlobalIDString = 4DD67C0B1A5C55C900ED2280;
			remoteInfo = "Alamofire OSX";
		};
		B49F955F1D38CD6A00BFB292 /* PBXContainerItemProxy */ = {
			isa = PBXContainerItemProxy;
			containerPortal = B49F954F1D38CD6A00BFB292 /* Alamofire.xcodeproj */;
			proxyType = 2;
			remoteGlobalIDString = F829C6B21A7A94F100A2CD59;
			remoteInfo = "Alamofire OSX Tests";
		};
		B49F95611D38CD6A00BFB292 /* PBXContainerItemProxy */ = {
			isa = PBXContainerItemProxy;
			containerPortal = B49F954F1D38CD6A00BFB292 /* Alamofire.xcodeproj */;
			proxyType = 2;
			remoteGlobalIDString = 4CF626EF1BA7CB3E0011A099;
			remoteInfo = "Alamofire tvOS";
		};
		B49F95631D38CD6A00BFB292 /* PBXContainerItemProxy */ = {
			isa = PBXContainerItemProxy;
			containerPortal = B49F954F1D38CD6A00BFB292 /* Alamofire.xcodeproj */;
			proxyType = 2;
			remoteGlobalIDString = 4CF626F81BA7CB3E0011A099;
			remoteInfo = "Alamofire tvOS Tests";
		};
		B49F95651D38CD6A00BFB292 /* PBXContainerItemProxy */ = {
			isa = PBXContainerItemProxy;
			containerPortal = B49F954F1D38CD6A00BFB292 /* Alamofire.xcodeproj */;
			proxyType = 2;
			remoteGlobalIDString = E4202FE01B667AA100C997FB;
			remoteInfo = "Alamofire watchOS";
		};
		B49F959F1D38D71000BFB292 /* PBXContainerItemProxy */ = {
			isa = PBXContainerItemProxy;
			containerPortal = B49F954F1D38CD6A00BFB292 /* Alamofire.xcodeproj */;
			proxyType = 1;
			remoteGlobalIDString = F8111E3219A95C8B0040E7D1;
			remoteInfo = "Alamofire iOS";
		};
/* End PBXContainerItemProxy section */

/* Begin PBXFileReference section */
		B424B3781D3DBAB800783171 /* YGPracticeRootController.swift */ = {isa = PBXFileReference; fileEncoding = 4; lastKnownFileType = sourcecode.swift; path = YGPracticeRootController.swift; sourceTree = "<group>"; };
		B424B37A1D3DBAD900783171 /* YGForumRootController.swift */ = {isa = PBXFileReference; fileEncoding = 4; lastKnownFileType = sourcecode.swift; path = YGForumRootController.swift; sourceTree = "<group>"; };
		B424B37C1D3DBAF000783171 /* YGNewsRootController.swift */ = {isa = PBXFileReference; fileEncoding = 4; lastKnownFileType = sourcecode.swift; path = YGNewsRootController.swift; sourceTree = "<group>"; };
		B424B37E1D3DBB0500783171 /* YGUserCenterRootController.swift */ = {isa = PBXFileReference; fileEncoding = 4; lastKnownFileType = sourcecode.swift; path = YGUserCenterRootController.swift; sourceTree = "<group>"; };
		B424B3831D3DBFD500783171 /* UIColorExtension.swift */ = {isa = PBXFileReference; fileEncoding = 4; lastKnownFileType = sourcecode.swift; path = UIColorExtension.swift; sourceTree = "<group>"; };
		B43D9BE71D3C878800DE6BAF /* AVKit.framework */ = {isa = PBXFileReference; lastKnownFileType = wrapper.framework; name = AVKit.framework; path = System/Library/Frameworks/AVKit.framework; sourceTree = SDKROOT; };
		B43D9BEF1D3C879100DE6BAF /* AVFoundation.framework */ = {isa = PBXFileReference; lastKnownFileType = wrapper.framework; name = AVFoundation.framework; path = System/Library/Frameworks/AVFoundation.framework; sourceTree = SDKROOT; };
		B45E59B21D3697FE00D3B249 /* DailyYoga.app */ = {isa = PBXFileReference; explicitFileType = wrapper.application; includeInIndex = 0; path = DailyYoga.app; sourceTree = BUILT_PRODUCTS_DIR; };
		B45E59B51D3697FE00D3B249 /* AppDelegate.swift */ = {isa = PBXFileReference; lastKnownFileType = sourcecode.swift; path = AppDelegate.swift; sourceTree = "<group>"; };
		B45E59BC1D3697FE00D3B249 /* Assets.xcassets */ = {isa = PBXFileReference; lastKnownFileType = folder.assetcatalog; path = Assets.xcassets; sourceTree = "<group>"; };
		B45E59BF1D3697FE00D3B249 /* Base */ = {isa = PBXFileReference; lastKnownFileType = file.storyboard; name = Base; path = Base.lproj/LaunchScreen.storyboard; sourceTree = "<group>"; };
		B45E59C11D3697FE00D3B249 /* Info.plist */ = {isa = PBXFileReference; lastKnownFileType = text.plist.xml; path = Info.plist; sourceTree = "<group>"; };
		B45E59C71D36985300D3B249 /* DailyYoga.entitlements */ = {isa = PBXFileReference; lastKnownFileType = text.xml; path = DailyYoga.entitlements; sourceTree = "<group>"; };
		B45E59C91D36985800D3B249 /* StoreKit.framework */ = {isa = PBXFileReference; lastKnownFileType = wrapper.framework; name = StoreKit.framework; path = System/Library/Frameworks/StoreKit.framework; sourceTree = SDKROOT; };
		B45E59CB1D36987C00D3B249 /* HealthKit.framework */ = {isa = PBXFileReference; lastKnownFileType = wrapper.framework; name = HealthKit.framework; path = System/Library/Frameworks/HealthKit.framework; sourceTree = SDKROOT; };
		B45E59CF1D369E0600D3B249 /* YGConstant.swift */ = {isa = PBXFileReference; fileEncoding = 4; lastKnownFileType = sourcecode.swift; path = YGConstant.swift; sourceTree = "<group>"; };
		B45E59D01D369E0600D3B249 /* YGDateFormat.swift */ = {isa = PBXFileReference; fileEncoding = 4; lastKnownFileType = sourcecode.swift; path = YGDateFormat.swift; sourceTree = "<group>"; };
		B45E59D21D369E0600D3B249 /* YGEnum.swift */ = {isa = PBXFileReference; fileEncoding = 4; lastKnownFileType = sourcecode.swift; path = YGEnum.swift; sourceTree = "<group>"; };
		B45E59D31D369E0600D3B249 /* YGSingleton.swift */ = {isa = PBXFileReference; fileEncoding = 4; lastKnownFileType = sourcecode.swift; path = YGSingleton.swift; sourceTree = "<group>"; };
		B45E59D41D369E0600D3B249 /* YGUtil.swift */ = {isa = PBXFileReference; fileEncoding = 4; lastKnownFileType = sourcecode.swift; path = YGUtil.swift; sourceTree = "<group>"; };
		B45E59D71D369E0600D3B249 /* YGGuideController.swift */ = {isa = PBXFileReference; fileEncoding = 4; lastKnownFileType = sourcecode.swift; path = YGGuideController.swift; sourceTree = "<group>"; };
		B45E59D91D369E0600D3B249 /* YGBaseController.swift */ = {isa = PBXFileReference; fileEncoding = 4; lastKnownFileType = sourcecode.swift; path = YGBaseController.swift; sourceTree = "<group>"; };
		B45E59DA1D369E0600D3B249 /* YGNavigationController.swift */ = {isa = PBXFileReference; fileEncoding = 4; lastKnownFileType = sourcecode.swift; path = YGNavigationController.swift; sourceTree = "<group>"; };
		B45E59DB1D369E0600D3B249 /* YGRootController.swift */ = {isa = PBXFileReference; fileEncoding = 4; lastKnownFileType = sourcecode.swift; path = YGRootController.swift; sourceTree = "<group>"; };
		B45E59DC1D369E0600D3B249 /* YGTabBarController.swift */ = {isa = PBXFileReference; fileEncoding = 4; lastKnownFileType = sourcecode.swift; path = YGTabBarController.swift; sourceTree = "<group>"; };
		B45E59E61D369E0600D3B249 /* YGHttpError.swift */ = {isa = PBXFileReference; fileEncoding = 4; lastKnownFileType = sourcecode.swift; path = YGHttpError.swift; sourceTree = "<group>"; };
		B45E59E71D369E0600D3B249 /* YGHttpManager.swift */ = {isa = PBXFileReference; fileEncoding = 4; lastKnownFileType = sourcecode.swift; path = YGHttpManager.swift; sourceTree = "<group>"; };
		B45E59E81D369E0600D3B249 /* YGInterface.swift */ = {isa = PBXFileReference; fileEncoding = 4; lastKnownFileType = sourcecode.swift; path = YGInterface.swift; sourceTree = "<group>"; };
		B45E59EA1D369E0600D3B249 /* YGCourse.swift */ = {isa = PBXFileReference; fileEncoding = 4; lastKnownFileType = sourcecode.swift; path = YGCourse.swift; sourceTree = "<group>"; };
		B45E59EB1D369E0600D3B249 /* YGPlan.swift */ = {isa = PBXFileReference; fileEncoding = 4; lastKnownFileType = sourcecode.swift; path = YGPlan.swift; sourceTree = "<group>"; };
		B45E59EC1D369E0600D3B249 /* YGUser.swift */ = {isa = PBXFileReference; fileEncoding = 4; lastKnownFileType = sourcecode.swift; path = YGUser.swift; sourceTree = "<group>"; };
		B49F954F1D38CD6A00BFB292 /* Alamofire.xcodeproj */ = {isa = PBXFileReference; lastKnownFileType = "wrapper.pb-project"; name = Alamofire.xcodeproj; path = Alamofire/Alamofire.xcodeproj; sourceTree = "<group>"; };
		B49F959C1D38D17400BFB292 /* SwiftyJSON.swift */ = {isa = PBXFileReference; fileEncoding = 4; lastKnownFileType = sourcecode.swift; path = SwiftyJSON.swift; sourceTree = "<group>"; };
		B49F95A11D38D94300BFB292 /* YGCacheHandler.swift */ = {isa = PBXFileReference; fileEncoding = 4; lastKnownFileType = sourcecode.swift; path = YGCacheHandler.swift; sourceTree = "<group>"; };
/* End PBXFileReference section */

/* Begin PBXFrameworksBuildPhase section */
		B45E59AF1D3697FE00D3B249 /* Frameworks */ = {
			isa = PBXFrameworksBuildPhase;
			buildActionMask = 2147483647;
			files = (
				B43D9BF01D3C879100DE6BAF /* AVFoundation.framework in Frameworks */,
				B43D9BE81D3C878800DE6BAF /* AVKit.framework in Frameworks */,
				B49F959E1D38D3B100BFB292 /* Alamofire.framework in Frameworks */,
				B45E59CA1D36985800D3B249 /* StoreKit.framework in Frameworks */,
				B45E59CC1D36987C00D3B249 /* HealthKit.framework in Frameworks */,
			);
			runOnlyForDeploymentPostprocessing = 0;
		};
/* End PBXFrameworksBuildPhase section */

/* Begin PBXGroup section */
		B424B36E1D3DBA4000783171 /* YGForum */ = {
			isa = PBXGroup;
			children = (
				B424B37A1D3DBAD900783171 /* YGForumRootController.swift */,
			);
			path = YGForum;
			sourceTree = "<group>";
		};
		B424B36F1D3DBA4000783171 /* YGNews */ = {
			isa = PBXGroup;
			children = (
				B424B37C1D3DBAF000783171 /* YGNewsRootController.swift */,
			);
			path = YGNews;
			sourceTree = "<group>";
		};
		B424B3701D3DBA4000783171 /* YGPractice */ = {
			isa = PBXGroup;
			children = (
				B424B3781D3DBAB800783171 /* YGPracticeRootController.swift */,
			);
			path = YGPractice;
			sourceTree = "<group>";
		};
		B424B3711D3DBA4000783171 /* YGUserCenter */ = {
			isa = PBXGroup;
			children = (
				B424B37E1D3DBB0500783171 /* YGUserCenterRootController.swift */,
			);
			path = YGUserCenter;
			sourceTree = "<group>";
		};
		B424B3801D3DBF1C00783171 /* Extension */ = {
			isa = PBXGroup;
			children = (
				B424B3831D3DBFD500783171 /* UIColorExtension.swift */,
			);
			path = Extension;
			sourceTree = "<group>";
		};
		B45E59A91D3697FE00D3B249 = {
			isa = PBXGroup;
			children = (
				B49F954F1D38CD6A00BFB292 /* Alamofire.xcodeproj */,
				B45E59B41D3697FE00D3B249 /* DailyYoga */,
				B45E59B31D3697FE00D3B249 /* Products */,
				B45E59C81D36985800D3B249 /* Frameworks */,
			);
			sourceTree = "<group>";
		};
		B45E59B31D3697FE00D3B249 /* Products */ = {
			isa = PBXGroup;
			children = (
				B45E59B21D3697FE00D3B249 /* DailyYoga.app */,
			);
			name = Products;
			sourceTree = "<group>";
		};
		B45E59B41D3697FE00D3B249 /* DailyYoga */ = {
			isa = PBXGroup;
			children = (
				B45E59D51D369E0600D3B249 /* Controller */,
				B45E59DD1D369E0600D3B249 /* DataHandler */,
				B45E59DE1D369E0600D3B249 /* DataManager */,
				B45E59E51D369E0600D3B249 /* HttpManager */,
				B45E59E91D369E0600D3B249 /* Model */,
				B45E59CE1D369E0600D3B249 /* Common */,
				B45E59DF1D369E0600D3B249 /* ExternalLibrary */,
				B45E59ED1D369E0600D3B249 /* Resource */,
				B45E59C71D36985300D3B249 /* DailyYoga.entitlements */,
				B45E59B51D3697FE00D3B249 /* AppDelegate.swift */,
				B45E59BC1D3697FE00D3B249 /* Assets.xcassets */,
				B45E59BE1D3697FE00D3B249 /* LaunchScreen.storyboard */,
				B45E59C11D3697FE00D3B249 /* Info.plist */,
			);
			path = DailyYoga;
			sourceTree = "<group>";
		};
		B45E59C81D36985800D3B249 /* Frameworks */ = {
			isa = PBXGroup;
			children = (
				B43D9BEF1D3C879100DE6BAF /* AVFoundation.framework */,
				B43D9BE71D3C878800DE6BAF /* AVKit.framework */,
				B45E59CB1D36987C00D3B249 /* HealthKit.framework */,
				B45E59C91D36985800D3B249 /* StoreKit.framework */,
			);
			name = Frameworks;
			sourceTree = "<group>";
		};
		B45E59CE1D369E0600D3B249 /* Common */ = {
			isa = PBXGroup;
			children = (
				B424B3801D3DBF1C00783171 /* Extension */,
				B45E59CF1D369E0600D3B249 /* YGConstant.swift */,
				B45E59D01D369E0600D3B249 /* YGDateFormat.swift */,
				B45E59D21D369E0600D3B249 /* YGEnum.swift */,
				B45E59D31D369E0600D3B249 /* YGSingleton.swift */,
				B45E59D41D369E0600D3B249 /* YGUtil.swift */,
			);
			path = Common;
			sourceTree = "<group>";
		};
		B45E59D51D369E0600D3B249 /* Controller */ = {
			isa = PBXGroup;
			children = (
				B45E59D61D369E0600D3B249 /* YGGuide */,
				B424B3701D3DBA4000783171 /* YGPractice */,
				B424B36E1D3DBA4000783171 /* YGForum */,
				B424B36F1D3DBA4000783171 /* YGNews */,
				B424B3711D3DBA4000783171 /* YGUserCenter */,
				B45E59D81D369E0600D3B249 /* YGRoot */,
			);
			path = Controller;
			sourceTree = "<group>";
		};
		B45E59D61D369E0600D3B249 /* YGGuide */ = {
			isa = PBXGroup;
			children = (
				B45E59D71D369E0600D3B249 /* YGGuideController.swift */,
			);
			path = YGGuide;
			sourceTree = "<group>";
		};
		B45E59D81D369E0600D3B249 /* YGRoot */ = {
			isa = PBXGroup;
			children = (
				B45E59D91D369E0600D3B249 /* YGBaseController.swift */,
				B45E59DA1D369E0600D3B249 /* YGNavigationController.swift */,
				B45E59DB1D369E0600D3B249 /* YGRootController.swift */,
				B45E59DC1D369E0600D3B249 /* YGTabBarController.swift */,
			);
			path = YGRoot;
			sourceTree = "<group>";
		};
		B45E59DD1D369E0600D3B249 /* DataHandler */ = {
			isa = PBXGroup;
			children = (
			);
			path = DataHandler;
			sourceTree = "<group>";
		};
		B45E59DE1D369E0600D3B249 /* DataManager */ = {
			isa = PBXGroup;
			children = (
				B49F95A11D38D94300BFB292 /* YGCacheHandler.swift */,
			);
			path = DataManager;
			sourceTree = "<group>";
		};
		B45E59DF1D369E0600D3B249 /* ExternalLibrary */ = {
			isa = PBXGroup;
			children = (
				B49F959B1D38D17400BFB292 /* SwiftyJSON */,
			);
			path = ExternalLibrary;
			sourceTree = "<group>";
		};
		B45E59E51D369E0600D3B249 /* HttpManager */ = {
			isa = PBXGroup;
			children = (
				B45E59E61D369E0600D3B249 /* YGHttpError.swift */,
				B45E59E71D369E0600D3B249 /* YGHttpManager.swift */,
				B45E59E81D369E0600D3B249 /* YGInterface.swift */,
			);
			path = HttpManager;
			sourceTree = "<group>";
		};
		B45E59E91D369E0600D3B249 /* Model */ = {
			isa = PBXGroup;
			children = (
				B45E59EA1D369E0600D3B249 /* YGCourse.swift */,
				B45E59EB1D369E0600D3B249 /* YGPlan.swift */,
				B45E59EC1D369E0600D3B249 /* YGUser.swift */,
			);
			path = Model;
			sourceTree = "<group>";
		};
		B45E59ED1D369E0600D3B249 /* Resource */ = {
			isa = PBXGroup;
			children = (
			);
			path = Resource;
			sourceTree = "<group>";
		};
		B49F95501D38CD6A00BFB292 /* Products */ = {
			isa = PBXGroup;
			children = (
				B49F955A1D38CD6A00BFB292 /* Alamofire.framework */,
				B49F955C1D38CD6A00BFB292 /* Alamofire iOS Tests.xctest */,
				B49F955E1D38CD6A00BFB292 /* Alamofire.framework */,
				B49F95601D38CD6A00BFB292 /* Alamofire OSX Tests.xctest */,
				B49F95621D38CD6A00BFB292 /* Alamofire.framework */,
				B49F95641D38CD6A00BFB292 /* Alamofire tvOS Tests.xctest */,
				B49F95661D38CD6A00BFB292 /* Alamofire.framework */,
			);
			name = Products;
			sourceTree = "<group>";
		};
		B49F959B1D38D17400BFB292 /* SwiftyJSON */ = {
			isa = PBXGroup;
			children = (
				B49F959C1D38D17400BFB292 /* SwiftyJSON.swift */,
			);
			path = SwiftyJSON;
			sourceTree = "<group>";
		};
/* End PBXGroup section */

/* Begin PBXNativeTarget section */
		B45E59B11D3697FE00D3B249 /* DailyYoga */ = {
			isa = PBXNativeTarget;
			buildConfigurationList = B45E59C41D3697FE00D3B249 /* Build configuration list for PBXNativeTarget "DailyYoga" */;
			buildPhases = (
				B45E59AE1D3697FE00D3B249 /* Sources */,
				B45E59AF1D3697FE00D3B249 /* Frameworks */,
				B45E59B01D3697FE00D3B249 /* Resources */,
			);
			buildRules = (
			);
			dependencies = (
				B49F95A01D38D71000BFB292 /* PBXTargetDependency */,
			);
			name = DailyYoga;
			productName = DailyYoga;
			productReference = B45E59B21D3697FE00D3B249 /* DailyYoga.app */;
			productType = "com.apple.product-type.application";
		};
/* End PBXNativeTarget section */

/* Begin PBXProject section */
		B45E59AA1D3697FE00D3B249 /* Project object */ = {
			isa = PBXProject;
			attributes = {
				LastSwiftUpdateCheck = 0800;
				LastUpgradeCheck = 0800;
				ORGANIZATIONNAME = Beryter;
				TargetAttributes = {
					B45E59B11D3697FE00D3B249 = {
						CreatedOnToolsVersion = 8.0;
						DevelopmentTeam = KN53KWRMZ5;
						DevelopmentTeamName = "Daily Yoga Software Technology Co. Ltd";
						ProvisioningStyle = Automatic;
						SystemCapabilities = {
							com.apple.BackgroundModes = {
								enabled = 1;
							};
							com.apple.HealthKit = {
								enabled = 1;
							};
							com.apple.InAppPurchase = {
								enabled = 1;
							};
							com.apple.Push = {
								enabled = 1;
							};
						};
					};
				};
			};
			buildConfigurationList = B45E59AD1D3697FE00D3B249 /* Build configuration list for PBXProject "DailyYoga" */;
			compatibilityVersion = "Xcode 3.2";
			developmentRegion = English;
			hasScannedForEncodings = 0;
			knownRegions = (
				en,
				Base,
			);
			mainGroup = B45E59A91D3697FE00D3B249;
			productRefGroup = B45E59B31D3697FE00D3B249 /* Products */;
			projectDirPath = "";
			projectReferences = (
				{
					ProductGroup = B49F95501D38CD6A00BFB292 /* Products */;
					ProjectRef = B49F954F1D38CD6A00BFB292 /* Alamofire.xcodeproj */;
				},
			);
			projectRoot = "";
			targets = (
				B45E59B11D3697FE00D3B249 /* DailyYoga */,
			);
		};
/* End PBXProject section */

/* Begin PBXReferenceProxy section */
		B49F955A1D38CD6A00BFB292 /* Alamofire.framework */ = {
			isa = PBXReferenceProxy;
			fileType = wrapper.framework;
			path = Alamofire.framework;
			remoteRef = B49F95591D38CD6A00BFB292 /* PBXContainerItemProxy */;
			sourceTree = BUILT_PRODUCTS_DIR;
		};
		B49F955C1D38CD6A00BFB292 /* Alamofire iOS Tests.xctest */ = {
			isa = PBXReferenceProxy;
			fileType = wrapper.cfbundle;
			path = "Alamofire iOS Tests.xctest";
			remoteRef = B49F955B1D38CD6A00BFB292 /* PBXContainerItemProxy */;
			sourceTree = BUILT_PRODUCTS_DIR;
		};
		B49F955E1D38CD6A00BFB292 /* Alamofire.framework */ = {
			isa = PBXReferenceProxy;
			fileType = wrapper.framework;
			path = Alamofire.framework;
			remoteRef = B49F955D1D38CD6A00BFB292 /* PBXContainerItemProxy */;
			sourceTree = BUILT_PRODUCTS_DIR;
		};
		B49F95601D38CD6A00BFB292 /* Alamofire OSX Tests.xctest */ = {
			isa = PBXReferenceProxy;
			fileType = wrapper.cfbundle;
			path = "Alamofire OSX Tests.xctest";
			remoteRef = B49F955F1D38CD6A00BFB292 /* PBXContainerItemProxy */;
			sourceTree = BUILT_PRODUCTS_DIR;
		};
		B49F95621D38CD6A00BFB292 /* Alamofire.framework */ = {
			isa = PBXReferenceProxy;
			fileType = wrapper.framework;
			path = Alamofire.framework;
			remoteRef = B49F95611D38CD6A00BFB292 /* PBXContainerItemProxy */;
			sourceTree = BUILT_PRODUCTS_DIR;
		};
		B49F95641D38CD6A00BFB292 /* Alamofire tvOS Tests.xctest */ = {
			isa = PBXReferenceProxy;
			fileType = wrapper.cfbundle;
			path = "Alamofire tvOS Tests.xctest";
			remoteRef = B49F95631D38CD6A00BFB292 /* PBXContainerItemProxy */;
			sourceTree = BUILT_PRODUCTS_DIR;
		};
		B49F95661D38CD6A00BFB292 /* Alamofire.framework */ = {
			isa = PBXReferenceProxy;
			fileType = wrapper.framework;
			path = Alamofire.framework;
			remoteRef = B49F95651D38CD6A00BFB292 /* PBXContainerItemProxy */;
			sourceTree = BUILT_PRODUCTS_DIR;
		};
/* End PBXReferenceProxy section */

/* Begin PBXResourcesBuildPhase section */
		B45E59B01D3697FE00D3B249 /* Resources */ = {
			isa = PBXResourcesBuildPhase;
			buildActionMask = 2147483647;
			files = (
				B45E59C01D3697FE00D3B249 /* LaunchScreen.storyboard in Resources */,
				B45E59BD1D3697FE00D3B249 /* Assets.xcassets in Resources */,
			);
			runOnlyForDeploymentPostprocessing = 0;
		};
/* End PBXResourcesBuildPhase section */

/* Begin PBXSourcesBuildPhase section */
		B45E59AE1D3697FE00D3B249 /* Sources */ = {
			isa = PBXSourcesBuildPhase;
			buildActionMask = 2147483647;
			files = (
				B45E59F41D369E0600D3B249 /* YGBaseController.swift in Sources */,
				B45E59F01D369E0600D3B249 /* YGEnum.swift in Sources */,
				B45E59FF1D369E0600D3B249 /* YGPlan.swift in Sources */,
				B45E59F11D369E0600D3B249 /* YGSingleton.swift in Sources */,
				B45E5A001D369E0600D3B249 /* YGUser.swift in Sources */,
				B424B37F1D3DBB0500783171 /* YGUserCenterRootController.swift in Sources */,
				B45E59FB1D369E0600D3B249 /* YGHttpError.swift in Sources */,
				B424B37D1D3DBAF000783171 /* YGNewsRootController.swift in Sources */,
				B45E59FC1D369E0600D3B249 /* YGHttpManager.swift in Sources */,
				B45E59FD1D369E0600D3B249 /* YGInterface.swift in Sources */,
				B45E59B61D3697FE00D3B249 /* AppDelegate.swift in Sources */,
				B424B3841D3DBFD500783171 /* UIColorExtension.swift in Sources */,
				B45E59F51D369E0600D3B249 /* YGNavigationController.swift in Sources */,
				B45E59F61D369E0600D3B249 /* YGRootController.swift in Sources */,
				B45E59FE1D369E0600D3B249 /* YGCourse.swift in Sources */,
				B424B3791D3DBAB800783171 /* YGPracticeRootController.swift in Sources */,
				B45E59EE1D369E0600D3B249 /* YGConstant.swift in Sources */,
				B45E59F71D369E0600D3B249 /* YGTabBarController.swift in Sources */,
				B424B37B1D3DBAD900783171 /* YGForumRootController.swift in Sources */,
				B45E59EF1D369E0600D3B249 /* YGDateFormat.swift in Sources */,
				B49F959D1D38D17400BFB292 /* SwiftyJSON.swift in Sources */,
				B45E59F31D369E0600D3B249 /* YGGuideController.swift in Sources */,
				B49F95A21D38D94300BFB292 /* YGCacheHandler.swift in Sources */,
				B45E59F21D369E0600D3B249 /* YGUtil.swift in Sources */,
			);
			runOnlyForDeploymentPostprocessing = 0;
		};
/* End PBXSourcesBuildPhase section */

/* Begin PBXTargetDependency section */
		B49F95A01D38D71000BFB292 /* PBXTargetDependency */ = {
			isa = PBXTargetDependency;
			name = "Alamofire iOS";
			targetProxy = B49F959F1D38D71000BFB292 /* PBXContainerItemProxy */;
		};
/* End PBXTargetDependency section */

/* Begin PBXVariantGroup section */
		B45E59BE1D3697FE00D3B249 /* LaunchScreen.storyboard */ = {
			isa = PBXVariantGroup;
			children = (
				B45E59BF1D3697FE00D3B249 /* Base */,
			);
			name = LaunchScreen.storyboard;
			sourceTree = "<group>";
		};
/* End PBXVariantGroup section */

/* Begin XCBuildConfiguration section */
		B45E59C21D3697FE00D3B249 /* Debug */ = {
			isa = XCBuildConfiguration;
			buildSettings = {
				ALWAYS_SEARCH_USER_PATHS = NO;
				CLANG_ANALYZER_NONNULL = YES;
				CLANG_CXX_LANGUAGE_STANDARD = "gnu++0x";
				CLANG_CXX_LIBRARY = "libc++";
				CLANG_ENABLE_MODULES = YES;
				CLANG_ENABLE_OBJC_ARC = YES;
				CLANG_WARN_BOOL_CONVERSION = YES;
				CLANG_WARN_CONSTANT_CONVERSION = YES;
				CLANG_WARN_DIRECT_OBJC_ISA_USAGE = YES_ERROR;
				CLANG_WARN_DOCUMENTATION_COMMENTS = YES;
				CLANG_WARN_EMPTY_BODY = YES;
				CLANG_WARN_ENUM_CONVERSION = YES;
				CLANG_WARN_INT_CONVERSION = YES;
				CLANG_WARN_OBJC_ROOT_CLASS = YES_ERROR;
				CLANG_WARN_UNREACHABLE_CODE = YES;
				CLANG_WARN__DUPLICATE_METHOD_MATCH = YES;
				"CODE_SIGN_IDENTITY[sdk=iphoneos*]" = "iPhone Developer";
				COPY_PHASE_STRIP = NO;
				DEBUG_INFORMATION_FORMAT = dwarf;
				ENABLE_STRICT_OBJC_MSGSEND = YES;
				ENABLE_TESTABILITY = YES;
				GCC_C_LANGUAGE_STANDARD = gnu99;
				GCC_DYNAMIC_NO_PIC = NO;
				GCC_NO_COMMON_BLOCKS = YES;
				GCC_OPTIMIZATION_LEVEL = 0;
				GCC_PREPROCESSOR_DEFINITIONS = (
					"DEBUG=1",
					"$(inherited)",
				);
				GCC_WARN_64_TO_32_BIT_CONVERSION = YES;
				GCC_WARN_ABOUT_RETURN_TYPE = YES_ERROR;
				GCC_WARN_UNDECLARED_SELECTOR = YES;
				GCC_WARN_UNINITIALIZED_AUTOS = YES_AGGRESSIVE;
				GCC_WARN_UNUSED_FUNCTION = YES;
				GCC_WARN_UNUSED_VARIABLE = YES;
				IPHONEOS_DEPLOYMENT_TARGET = 10.0;
				MTL_ENABLE_DEBUG_INFO = YES;
				ONLY_ACTIVE_ARCH = YES;
				SDKROOT = iphoneos;
				SWIFT_ACTIVE_COMPILATION_CONDITIONS = DEBUG;
				SWIFT_OPTIMIZATION_LEVEL = "-Onone";
				TARGETED_DEVICE_FAMILY = "1,2";
			};
			name = Debug;
		};
		B45E59C31D3697FE00D3B249 /* Release */ = {
			isa = XCBuildConfiguration;
			buildSettings = {
				ALWAYS_SEARCH_USER_PATHS = NO;
				CLANG_ANALYZER_NONNULL = YES;
				CLANG_CXX_LANGUAGE_STANDARD = "gnu++0x";
				CLANG_CXX_LIBRARY = "libc++";
				CLANG_ENABLE_MODULES = YES;
				CLANG_ENABLE_OBJC_ARC = YES;
				CLANG_WARN_BOOL_CONVERSION = YES;
				CLANG_WARN_CONSTANT_CONVERSION = YES;
				CLANG_WARN_DIRECT_OBJC_ISA_USAGE = YES_ERROR;
				CLANG_WARN_DOCUMENTATION_COMMENTS = YES;
				CLANG_WARN_EMPTY_BODY = YES;
				CLANG_WARN_ENUM_CONVERSION = YES;
				CLANG_WARN_INT_CONVERSION = YES;
				CLANG_WARN_OBJC_ROOT_CLASS = YES_ERROR;
				CLANG_WARN_UNREACHABLE_CODE = YES;
				CLANG_WARN__DUPLICATE_METHOD_MATCH = YES;
				"CODE_SIGN_IDENTITY[sdk=iphoneos*]" = "iPhone Developer";
				COPY_PHASE_STRIP = NO;
				DEBUG_INFORMATION_FORMAT = "dwarf-with-dsym";
				ENABLE_NS_ASSERTIONS = NO;
				ENABLE_STRICT_OBJC_MSGSEND = YES;
				GCC_C_LANGUAGE_STANDARD = gnu99;
				GCC_NO_COMMON_BLOCKS = YES;
				GCC_WARN_64_TO_32_BIT_CONVERSION = YES;
				GCC_WARN_ABOUT_RETURN_TYPE = YES_ERROR;
				GCC_WARN_UNDECLARED_SELECTOR = YES;
				GCC_WARN_UNINITIALIZED_AUTOS = YES_AGGRESSIVE;
				GCC_WARN_UNUSED_FUNCTION = YES;
				GCC_WARN_UNUSED_VARIABLE = YES;
				IPHONEOS_DEPLOYMENT_TARGET = 10.0;
				MTL_ENABLE_DEBUG_INFO = NO;
				SDKROOT = iphoneos;
				SWIFT_OPTIMIZATION_LEVEL = "-Owholemodule";
				TARGETED_DEVICE_FAMILY = "1,2";
				VALIDATE_PRODUCT = YES;
			};
			name = Release;
		};
		B45E59C51D3697FE00D3B249 /* Debug */ = {
			isa = XCBuildConfiguration;
			buildSettings = {
				ASSETCATALOG_COMPILER_APPICON_NAME = AppIcon;
				CODE_SIGN_ENTITLEMENTS = DailyYoga/DailyYoga.entitlements;
				ENABLE_BITCODE = NO;
				INFOPLIST_FILE = DailyYoga/Info.plist;
				IPHONEOS_DEPLOYMENT_TARGET = 8.0;
				LD_RUNPATH_SEARCH_PATHS = "$(inherited) @executable_path/Frameworks";
				PRODUCT_BUNDLE_IDENTIFIER = dailyyoga;
				PRODUCT_NAME = "$(TARGET_NAME)";
				SWIFT_VERSION = 3.0;
			};
			name = Debug;
		};
		B45E59C61D3697FE00D3B249 /* Release */ = {
			isa = XCBuildConfiguration;
			buildSettings = {
				ASSETCATALOG_COMPILER_APPICON_NAME = AppIcon;
				CODE_SIGN_ENTITLEMENTS = DailyYoga/DailyYoga.entitlements;
				ENABLE_BITCODE = NO;
				INFOPLIST_FILE = DailyYoga/Info.plist;
				IPHONEOS_DEPLOYMENT_TARGET = 8.0;
				LD_RUNPATH_SEARCH_PATHS = "$(inherited) @executable_path/Frameworks";
				PRODUCT_BUNDLE_IDENTIFIER = dailyyoga;
				PRODUCT_NAME = "$(TARGET_NAME)";
				SWIFT_VERSION = 3.0;
			};
			name = Release;
		};
/* End XCBuildConfiguration section */

/* Begin XCConfigurationList section */
		B45E59AD1D3697FE00D3B249 /* Build configuration list for PBXProject "DailyYoga" */ = {
			isa = XCConfigurationList;
			buildConfigurations = (
				B45E59C21D3697FE00D3B249 /* Debug */,
				B45E59C31D3697FE00D3B249 /* Release */,
			);
			defaultConfigurationIsVisible = 0;
			defaultConfigurationName = Release;
		};
		B45E59C41D3697FE00D3B249 /* Build configuration list for PBXNativeTarget "DailyYoga" */ = {
			isa = XCConfigurationList;
			buildConfigurations = (
				B45E59C51D3697FE00D3B249 /* Debug */,
				B45E59C61D3697FE00D3B249 /* Release */,
			);
			defaultConfigurationIsVisible = 0;
			defaultConfigurationName = Release;
		};
/* End XCConfigurationList section */
	};
	rootObject = B45E59AA1D3697FE00D3B249 /* Project object */;
}
